
Microsoft Visual Studio Solution File, Format Version 12.00
# Visual Studio Version 17
VisualStudioVersion = 17.0.31903.59
MinimumVisualStudioVersion = 10.0.40219.1
Project("{2150E333-8FDC-42A3-9474-1A3956D46DE8}") = "src", "src", "{1C9D26DB-F808-4B96-8E6B-0BA2B813EEB3}"
EndProject
Project("{FAE04EC0-301F-11D3-BF4B-00C04F79EFBC}") = "AuctionService", "src\AuctionService\AuctionService.csproj", "{BA0C9718-72F8-47DE-A2B1-CDFC82BCDB9D}"
EndProject
Project("{FAE04EC0-301F-11D3-BF4B-00C04F79EFBC}") = "SearchService", "src\SearchService\SearchService.csproj", "{55CC8AD0-67B4-4B1B-9165-F5431ADE739C}"
EndProject
Project("{FAE04EC0-301F-11D3-BF4B-00C04F79EFBC}") = "Contracts", "src\Contracts\Contracts.csproj", "{685FAAC1-AB67-4102-99A0-5D4E5095DD95}"
EndProject
Project("{FAE04EC0-301F-11D3-BF4B-00C04F79EFBC}") = "IdentityService", "src\IdentityService\IdentityService.csproj", "{502B0325-4092-48BD-9517-012E706227D9}"
EndProject
Project("{FAE04EC0-301F-11D3-BF4B-00C04F79EFBC}") = "GatewayService", "src\GatewayService\GatewayService.csproj", "{2C1E67A6-851C-427D-8BA2-676ED81092A5}"
EndProject
Project("{FAE04EC0-301F-11D3-BF4B-00C04F79EFBC}") = "BiddingService", "src\BiddingService\BiddingService.csproj", "{2D2DD6A4-AE16-4F1A-8B95-52FFB0FBF864}"
EndProject
Project("{2150E333-8FDC-42A3-9474-1A3956D46DE8}") = "test", "test", "{A3C90917-EBFF-4B55-9AF5-383D3F3EFC30}"
EndProject
Project("{FAE04EC0-301F-11D3-BF4B-00C04F79EFBC}") = "AuctionService.UnitTests", "test\AuctionService.UnitTests\AuctionService.UnitTests.csproj", "{C9A4D0FF-C2FC-4B46-A276-F26F7E0F3E78}"
EndProject
Project("{FAE04EC0-301F-11D3-BF4B-00C04F79EFBC}") = "AuctionService.IntegrationTests", "test\AuctionService.IntegrationTests\AuctionService.IntegrationTests.csproj", "{34FBFC61-10E5-4560-90CA-6D70424AD863}"
EndProject
Project("{FAE04EC0-301F-11D3-BF4B-00C04F79EFBC}") = "NotificationService", "src\NotificationService\NotificationService.csproj", "{1B6A2140-7087-4DFD-B8AC-6A436BC6B7B3}"
EndProject
Global
	GlobalSection(SolutionConfigurationPlatforms) = preSolution
		Debug|Any CPU = Debug|Any CPU
		Release|Any CPU = Release|Any CPU
	EndGlobalSection
	GlobalSection(ProjectConfigurationPlatforms) = postSolution
		{BA0C9718-72F8-47DE-A2B1-CDFC82BCDB9D}.Debug|Any CPU.ActiveCfg = Debug|Any CPU
		{BA0C9718-72F8-47DE-A2B1-CDFC82BCDB9D}.Debug|Any CPU.Build.0 = Debug|Any CPU
		{BA0C9718-72F8-47DE-A2B1-CDFC82BCDB9D}.Release|Any CPU.ActiveCfg = Release|Any CPU
		{BA0C9718-72F8-47DE-A2B1-CDFC82BCDB9D}.Release|Any CPU.Build.0 = Release|Any CPU
		{55CC8AD0-67B4-4B1B-9165-F5431ADE739C}.Debug|Any CPU.ActiveCfg = Debug|Any CPU
		{55CC8AD0-67B4-4B1B-9165-F5431ADE739C}.Debug|Any CPU.Build.0 = Debug|Any CPU
		{55CC8AD0-67B4-4B1B-9165-F5431ADE739C}.Release|Any CPU.ActiveCfg = Release|Any CPU
		{55CC8AD0-67B4-4B1B-9165-F5431ADE739C}.Release|Any CPU.Build.0 = Release|Any CPU
		{685FAAC1-AB67-4102-99A0-5D4E5095DD95}.Debug|Any CPU.ActiveCfg = Debug|Any CPU
		{685FAAC1-AB67-4102-99A0-5D4E5095DD95}.Debug|Any CPU.Build.0 = Debug|Any CPU
		{685FAAC1-AB67-4102-99A0-5D4E5095DD95}.Release|Any CPU.ActiveCfg = Release|Any CPU
		{685FAAC1-AB67-4102-99A0-5D4E5095DD95}.Release|Any CPU.Build.0 = Release|Any CPU
		{502B0325-4092-48BD-9517-012E706227D9}.Debug|Any CPU.ActiveCfg = Debug|Any CPU
		{502B0325-4092-48BD-9517-012E706227D9}.Debug|Any CPU.Build.0 = Debug|Any CPU
		{502B0325-4092-48BD-9517-012E706227D9}.Release|Any CPU.ActiveCfg = Release|Any CPU
		{502B0325-4092-48BD-9517-012E706227D9}.Release|Any CPU.Build.0 = Release|Any CPU
		{2C1E67A6-851C-427D-8BA2-676ED81092A5}.Debug|Any CPU.ActiveCfg = Debug|Any CPU
		{2C1E67A6-851C-427D-8BA2-676ED81092A5}.Debug|Any CPU.Build.0 = Debug|Any CPU
		{2C1E67A6-851C-427D-8BA2-676ED81092A5}.Release|Any CPU.ActiveCfg = Release|Any CPU
		{2C1E67A6-851C-427D-8BA2-676ED81092A5}.Release|Any CPU.Build.0 = Release|Any CPU
		{2D2DD6A4-AE16-4F1A-8B95-52FFB0FBF864}.Debug|Any CPU.ActiveCfg = Debug|Any CPU
		{2D2DD6A4-AE16-4F1A-8B95-52FFB0FBF864}.Debug|Any CPU.Build.0 = Debug|Any CPU
		{2D2DD6A4-AE16-4F1A-8B95-52FFB0FBF864}.Release|Any CPU.ActiveCfg = Release|Any CPU
		{2D2DD6A4-AE16-4F1A-8B95-52FFB0FBF864}.Release|Any CPU.Build.0 = Release|Any CPU
		{C9A4D0FF-C2FC-4B46-A276-F26F7E0F3E78}.Debug|Any CPU.ActiveCfg = Debug|Any CPU
		{C9A4D0FF-C2FC-4B46-A276-F26F7E0F3E78}.Debug|Any CPU.Build.0 = Debug|Any CPU
		{C9A4D0FF-C2FC-4B46-A276-F26F7E0F3E78}.Release|Any CPU.ActiveCfg = Release|Any CPU
		{C9A4D0FF-C2FC-4B46-A276-F26F7E0F3E78}.Release|Any CPU.Build.0 = Release|Any CPU
		{34FBFC61-10E5-4560-90CA-6D70424AD863}.Debug|Any CPU.ActiveCfg = Debug|Any CPU
		{34FBFC61-10E5-4560-90CA-6D70424AD863}.Debug|Any CPU.Build.0 = Debug|Any CPU
		{34FBFC61-10E5-4560-90CA-6D70424AD863}.Release|Any CPU.ActiveCfg = Release|Any CPU
		{34FBFC61-10E5-4560-90CA-6D70424AD863}.Release|Any CPU.Build.0 = Release|Any CPU
		{1B6A2140-7087-4DFD-B8AC-6A436BC6B7B3}.Debug|Any CPU.ActiveCfg = Debug|Any CPU
		{1B6A2140-7087-4DFD-B8AC-6A436BC6B7B3}.Debug|Any CPU.Build.0 = Debug|Any CPU
		{1B6A2140-7087-4DFD-B8AC-6A436BC6B7B3}.Release|Any CPU.ActiveCfg = Release|Any CPU
		{1B6A2140-7087-4DFD-B8AC-6A436BC6B7B3}.Release|Any CPU.Build.0 = Release|Any CPU
	EndGlobalSection
	GlobalSection(SolutionProperties) = preSolution
		HideSolutionNode = FALSE
	EndGlobalSection
	GlobalSection(NestedProjects) = preSolution
		{BA0C9718-72F8-47DE-A2B1-CDFC82BCDB9D} = {1C9D26DB-F808-4B96-8E6B-0BA2B813EEB3}
		{55CC8AD0-67B4-4B1B-9165-F5431ADE739C} = {1C9D26DB-F808-4B96-8E6B-0BA2B813EEB3}
		{685FAAC1-AB67-4102-99A0-5D4E5095DD95} = {1C9D26DB-F808-4B96-8E6B-0BA2B813EEB3}
		{502B0325-4092-48BD-9517-012E706227D9} = {1C9D26DB-F808-4B96-8E6B-0BA2B813EEB3}
		{2C1E67A6-851C-427D-8BA2-676ED81092A5} = {1C9D26DB-F808-4B96-8E6B-0BA2B813EEB3}
		{2D2DD6A4-AE16-4F1A-8B95-52FFB0FBF864} = {1C9D26DB-F808-4B96-8E6B-0BA2B813EEB3}
		{C9A4D0FF-C2FC-4B46-A276-F26F7E0F3E78} = {A3C90917-EBFF-4B55-9AF5-383D3F3EFC30}
		{34FBFC61-10E5-4560-90CA-6D70424AD863} = {A3C90917-EBFF-4B55-9AF5-383D3F3EFC30}
		{1B6A2140-7087-4DFD-B8AC-6A436BC6B7B3} = {1C9D26DB-F808-4B96-8E6B-0BA2B813EEB3}
	EndGlobalSection
EndGlobal
